
Microsoft Visual Studio Solution File, Format Version 12.00
# Visual Studio Version 17
VisualStudioVersion = 17.0.31903.59
MinimumVisualStudioVersion = 10.0.40219.1
Project("{FAE04EC0-301F-11D3-BF4B-00C04F79EFBC}") = "ToDoList.WebApi", "ToDoList.WebApi\ToDoList.WebApi.csproj", "{EBB91D94-5D22-49CF-88A4-131834FF7037}"
EndProject
Project("{FAE04EC0-301F-11D3-BF4B-00C04F79EFBC}") = "ToDoList.Blazor.Wasm", "ToDoList.Blazor.Wasm\ToDoList.Blazor.Wasm.csproj", "{1EDAECCF-4FE2-4ED3-8A7E-8378095087ED}"
EndProject
Global
	GlobalSection(SolutionConfigurationPlatforms) = preSolution
		Debug|Any CPU = Debug|Any CPU
		Release|Any CPU = Release|Any CPU
	EndGlobalSection
	GlobalSection(ProjectConfigurationPlatforms) = postSolution
		{EBB91D94-5D22-49CF-88A4-131834FF7037}.Debug|Any CPU.ActiveCfg = Debug|Any CPU
		{EBB91D94-5D22-49CF-88A4-131834FF7037}.Debug|Any CPU.Build.0 = Debug|Any CPU
		{EBB91D94-5D22-49CF-88A4-131834FF7037}.Release|Any CPU.ActiveCfg = Release|Any CPU
		{EBB91D94-5D22-49CF-88A4-131834FF7037}.Release|Any CPU.Build.0 = Release|Any CPU
		{1EDAECCF-4FE2-4ED3-8A7E-8378095087ED}.Debug|Any CPU.ActiveCfg = Debug|Any CPU
		{1EDAECCF-4FE2-4ED3-8A7E-8378095087ED}.Debug|Any CPU.Build.0 = Debug|Any CPU
		{1EDAECCF-4FE2-4ED3-8A7E-8378095087ED}.Release|Any CPU.ActiveCfg = Release|Any CPU
		{1EDAECCF-4FE2-4ED3-8A7E-8378095087ED}.Release|Any CPU.Build.0 = Release|Any CPU
	EndGlobalSection
	GlobalSection(SolutionProperties) = preSolution
		HideSolutionNode = FALSE
	EndGlobalSection
EndGlobal
