Microsoft Visual Studio Solution File, Format Version 12.00
# Visual Studio Version 17
VisualStudioVersion = 17.5.2.0
MinimumVisualStudioVersion = 10.0.40219.1
Project("{FAE04EC0-301F-11D3-BF4B-00C04F79EFBC}") = "ToDoList.Blazor", "ToDoList.Blazor.csproj", "{73A42E66-7196-8EF8-55AA-17290E8A7B88}"
EndProject
Global
	GlobalSection(SolutionConfigurationPlatforms) = preSolution
		Debug|Any CPU = Debug|Any CPU
		Release|Any CPU = Release|Any CPU
	EndGlobalSection
	GlobalSection(ProjectConfigurationPlatforms) = postSolution
		{73A42E66-7196-8EF8-55AA-17290E8A7B88}.Debug|Any CPU.ActiveCfg = Debug|Any CPU
		{73A42E66-7196-8EF8-55AA-17290E8A7B88}.Debug|Any CPU.Build.0 = Debug|Any CPU
		{73A42E66-7196-8EF8-55AA-17290E8A7B88}.Release|Any CPU.ActiveCfg = Release|Any CPU
		{73A42E66-7196-8EF8-55AA-17290E8A7B88}.Release|Any CPU.Build.0 = Release|Any CPU
	EndGlobalSection
	GlobalSection(SolutionProperties) = preSolution
		HideSolutionNode = FALSE
	EndGlobalSection
	GlobalSection(ExtensibilityGlobals) = postSolution
		SolutionGuid = {83F01CEB-64FC-478B-81F4-B32BAD8B4636}
	EndGlobalSection
EndGlobal
